lockVersion: 2.0.0
id: ca95c839-5377-4981-9bcb-4cedc7e35f2b
management:
  docChecksum: bb5d11b0f52b49a8616f3f6b73ff6713
  docVersion: 1.0.0
  speakeasyVersion: 1.299.6
  generationVersion: 2.338.12
  releaseVersion: 0.0.10
  configChecksum: 69bb849ccb34d91231c7c36dd5f9ec2a
  repoURL: https://github.com/log10-io/log10ts.git
  installationURL: https://github.com/log10-io/log10ts
  published: true
features:
  typescript:
    additionalDependencies: 0.1.0
    constsAndDefaults: 0.1.5
    core: 3.9.11
    deprecations: 2.81.1
    examples: 2.81.4
    flattening: 2.81.1
    globalSecurity: 2.82.9
    globalSecurityCallbacks: 0.1.0
    globalSecurityFlattening: 0.1.0
    globalServerURLs: 2.82.4
    globals: 2.82.1
    nameOverrides: 2.81.2
    nullables: 0.1.0
    responseFormat: 0.2.3
    sdkHooks: 0.1.0
    typeOverrides: 2.81.1
    unions: 2.85.5
generatedFiles:
  - src/sdk/completions.ts
  - src/sdk/sessions.ts
  - src/sdk/feedbacksdk.ts
  - src/sdk/feedbacktasks.ts
  - src/sdk/sdk.ts
  - .eslintrc.js
  - .npmignore
  - RUNTIMES.md
  - jsr.json
  - package.json
  - src/index.ts
  - src/lib/base64.ts
  - src/lib/config.ts
  - src/lib/encodings.ts
  - src/lib/http.ts
  - src/lib/is-plain-object.ts
  - src/lib/retries.ts
  - src/lib/schemas.ts
  - src/lib/sdks.ts
  - src/lib/security.ts
  - src/lib/url.ts
  - src/sdk/index.ts
  - src/models/sdkerror.ts
  - src/models/sdkvalidationerror.ts
  - src/types/blobs.ts
  - src/types/enums.ts
  - src/types/index.ts
  - src/types/operations.ts
  - src/types/rfcdate.ts
  - tsconfig.json
  - src/models/createop.ts
  - src/models/completion.ts
  - src/models/createchatcompletionresponse.ts
  - src/models/completionusage.ts
  - src/models/chatcompletiontokenlogprob.ts
  - src/models/chatcompletionresponsemessage.ts
  - src/models/chatcompletionmessagetoolcall.ts
  - src/models/createchatcompletionrequest.ts
  - src/models/chatcompletionfunctions.ts
  - src/models/chatcompletionfunctioncalloption.ts
  - src/models/chatcompletiontoolchoiceoption.ts
  - src/models/chatcompletionnamedtoolchoice.ts
  - src/models/chatcompletiontool.ts
  - src/models/functionobject.ts
  - src/models/chatcompletionstreamoptions.ts
  - src/models/chatcompletionrequestmessage.ts
  - src/models/chatcompletionrequestsystemmessage.ts
  - src/models/chatcompletionrequestusermessage.ts
  - src/models/chatcompletionrequestmessagecontentpart.ts
  - src/models/chatcompletionrequestmessagecontentparttext.ts
  - src/models/chatcompletionrequestmessagecontentpartimage.ts
  - src/models/chatcompletionrequestassistantmessage.ts
  - src/models/chatcompletionrequesttoolmessage.ts
  - src/models/chatcompletionrequestfunctionmessage.ts
  - src/models/httpmetadata.ts
  - src/models/updateop.ts
  - src/models/listungradedop.ts
  - src/models/createsessionop.ts
  - src/models/session.ts
  - src/models/getop.ts
  - src/models/feedback.ts
  - src/models/uploadop.ts
  - src/models/listfeedbacktasksop.ts
  - src/models/task.ts
  - src/models/createfeedbacktaskop.ts
  - src/models/getfeedbacktaskop.ts
  - src/models/security.ts
  - src/models/index.ts
  - docs/models/createglobals.md
  - docs/models/createrequest.md
  - docs/models/createresponse.md
  - docs/models/kind.md
  - docs/models/status.md
  - docs/models/stacktrace.md
  - docs/models/completion.md
  - docs/models/finishreason.md
  - docs/models/logprobs.md
  - docs/models/choices.md
  - docs/models/objectt.md
  - docs/models/createchatcompletionresponse.md
  - docs/models/completionusage.md
  - docs/models/toplogprobs.md
  - docs/models/chatcompletiontokenlogprob.md
  - docs/models/chatcompletionresponsemessagerole.md
  - docs/models/chatcompletionresponsemessagefunctioncall.md
  - docs/models/chatcompletionresponsemessage.md
  - docs/models/chatcompletionmessagetoolcalltype.md
  - docs/models/functiont.md
  - docs/models/chatcompletionmessagetoolcall.md
  - docs/models/two.md
  - docs/models/model.md
  - docs/models/createchatcompletionrequesttype.md
  - docs/models/responseformat.md
  - docs/models/stop.md
  - docs/models/one.md
  - docs/models/createchatcompletionrequestfunctioncall.md
  - docs/models/createchatcompletionrequest.md
  - docs/models/chatcompletionfunctions.md
  - docs/models/chatcompletionfunctioncalloption.md
  - docs/models/chatcompletiontoolchoiceoption1.md
  - docs/models/chatcompletiontoolchoiceoption.md
  - docs/models/chatcompletionnamedtoolchoicetype.md
  - docs/models/chatcompletionnamedtoolchoicefunction.md
  - docs/models/chatcompletionnamedtoolchoice.md
  - docs/models/chatcompletiontooltype.md
  - docs/models/chatcompletiontool.md
  - docs/models/functionobject.md
  - docs/models/chatcompletionstreamoptions.md
  - docs/models/chatcompletionrequestmessage.md
  - docs/models/role.md
  - docs/models/chatcompletionrequestsystemmessage.md
  - docs/models/content.md
  - docs/models/chatcompletionrequestusermessagerole.md
  - docs/models/chatcompletionrequestusermessage.md
  - docs/models/chatcompletionrequestmessagecontentpart.md
  - docs/models/type.md
  - docs/models/chatcompletionrequestmessagecontentparttext.md
  - docs/models/chatcompletionrequestmessagecontentpartimagetype.md
  - docs/models/detail.md
  - docs/models/imageurl.md
  - docs/models/chatcompletionrequestmessagecontentpartimage.md
  - docs/models/chatcompletionrequestassistantmessagerole.md
  - docs/models/functioncall.md
  - docs/models/chatcompletionrequestassistantmessage.md
  - docs/models/chatcompletionrequesttoolmessagerole.md
  - docs/models/chatcompletionrequesttoolmessage.md
  - docs/models/chatcompletionrequestfunctionmessagerole.md
  - docs/models/chatcompletionrequestfunctionmessage.md
  - docs/models/httpmetadata.md
  - docs/models/updateglobals.md
  - docs/models/updaterequest.md
  - docs/models/updateresponse.md
  - docs/models/listungradedglobals.md
  - docs/models/listungradedrequest.md
  - docs/models/listungradedresponsebody.md
  - docs/models/listungradedresponse.md
  - docs/models/createsessionglobals.md
  - docs/models/createsessionrequest.md
  - docs/models/createsessionresponsebody.md
  - docs/models/createsessionresponse.md
  - docs/models/session.md
  - docs/models/getglobals.md
  - docs/models/getrequest.md
  - docs/models/getresponse.md
  - docs/models/jsonvalues.md
  - docs/models/feedback.md
  - docs/models/uploadglobals.md
  - docs/models/uploadrequestbodyjsonvalues.md
  - docs/models/requestbody2.md
  - docs/models/requestbodyjsonvalues.md
  - docs/models/requestbody1.md
  - docs/models/uploadrequestbody.md
  - docs/models/uploadrequest.md
  - docs/models/uploadresponse.md
  - docs/models/listfeedbacktasksresponse.md
  - docs/models/jsonschema.md
  - docs/models/completiontagsselector.md
  - docs/models/task.md
  - docs/models/createfeedbacktaskresponse.md
  - docs/models/getfeedbacktaskrequest.md
  - docs/models/getfeedbacktaskresponse.md
  - docs/models/security.md
  - docs/sdks/log10/README.md
  - docs/sdks/completions/README.md
  - docs/sdks/sessions/README.md
  - docs/sdks/feedbacksdk/README.md
  - docs/sdks/feedbacktasks/README.md
  - USAGE.md
  - .gitattributes
  - src/hooks/hooks.ts
  - src/hooks/types.ts
  - src/hooks/index.ts
