lockVersion: 2.0.0
id: ca95c839-5377-4981-9bcb-4cedc7e35f2b
management:
  docChecksum: 5e7cc152f137f5919734cc70b836a4d6
  docVersion: 1.0.0
  speakeasyVersion: 1.296.1
  generationVersion: 2.338.1
  releaseVersion: 0.0.4
  configChecksum: 3e094faa740940b70e2e36521ff8a7ff
  repoURL: https://github.com/log10-io/log10ts.git
  installationURL: https://github.com/log10-io/log10ts
features:
  typescript:
    additionalDependencies: 0.1.0
    constsAndDefaults: 0.1.5
    core: 3.9.9
    deprecations: 2.81.1
    examples: 2.81.4
    flattening: 2.81.1
    globalSecurity: 2.82.9
    globalSecurityCallbacks: 0.1.0
    globalSecurityFlattening: 0.1.0
    globalServerURLs: 2.82.4
    globals: 2.82.1
    nameOverrides: 2.81.2
    nullables: 0.1.0
    responseFormat: 0.2.3
    sdkHooks: 0.1.0
    typeOverrides: 2.81.1
    unions: 2.85.5
generatedFiles:
  - src/sdk/completions.ts
  - src/sdk/sessions.ts
  - src/sdk/feedback.ts
  - src/sdk/feedbacktasks.ts
  - src/sdk/sdk.ts
  - .eslintrc.js
  - .npmignore
  - RUNTIMES.md
  - jsr.json
  - package.json
  - src/index.ts
  - src/lib/base64.ts
  - src/lib/config.ts
  - src/lib/encodings.ts
  - src/lib/http.ts
  - src/lib/is-plain-object.ts
  - src/lib/retries.ts
  - src/lib/schemas.ts
  - src/lib/sdks.ts
  - src/lib/security.ts
  - src/lib/url.ts
  - src/sdk/index.ts
  - src/models/errors/sdkerror.ts
  - src/models/errors/sdkvalidationerror.ts
  - src/types/blobs.ts
  - src/types/enums.ts
  - src/types/index.ts
  - src/types/operations.ts
  - src/types/rfcdate.ts
  - tsconfig.json
  - src/models/operations/create.ts
  - src/models/operations/update.ts
  - src/models/operations/listungraded.ts
  - src/models/operations/createsession.ts
  - src/models/operations/get.ts
  - src/models/operations/upload.ts
  - src/models/operations/listfeedbacktasks.ts
  - src/models/operations/createfeedbacktask.ts
  - src/models/operations/getfeedbacktask.ts
  - src/models/components/completion.ts
  - src/models/components/createchatcompletionresponse.ts
  - src/models/components/completionusage.ts
  - src/models/components/chatcompletiontokenlogprob.ts
  - src/models/components/chatcompletionresponsemessage.ts
  - src/models/components/chatcompletionmessagetoolcall.ts
  - src/models/components/createchatcompletionrequest.ts
  - src/models/components/chatcompletionfunctions.ts
  - src/models/components/chatcompletionfunctioncalloption.ts
  - src/models/components/chatcompletiontoolchoiceoption.ts
  - src/models/components/chatcompletionnamedtoolchoice.ts
  - src/models/components/chatcompletiontool.ts
  - src/models/components/functionobject.ts
  - src/models/components/chatcompletionstreamoptions.ts
  - src/models/components/chatcompletionrequestmessage.ts
  - src/models/components/chatcompletionrequestsystemmessage.ts
  - src/models/components/chatcompletionrequestusermessage.ts
  - src/models/components/chatcompletionrequestmessagecontentpart.ts
  - src/models/components/chatcompletionrequestmessagecontentparttext.ts
  - src/models/components/chatcompletionrequestmessagecontentpartimage.ts
  - src/models/components/chatcompletionrequestassistantmessage.ts
  - src/models/components/chatcompletionrequesttoolmessage.ts
  - src/models/components/chatcompletionrequestfunctionmessage.ts
  - src/models/components/httpmetadata.ts
  - src/models/components/session.ts
  - src/models/components/feedback.ts
  - src/models/components/task.ts
  - src/models/components/security.ts
  - src/models/errors/index.ts
  - src/models/operations/index.ts
  - src/models/components/index.ts
  - docs/models/operations/createglobals.md
  - docs/models/operations/createrequest.md
  - docs/models/operations/createresponse.md
  - docs/models/operations/updateglobals.md
  - docs/models/operations/updaterequest.md
  - docs/models/operations/updateresponse.md
  - docs/models/operations/listungradedglobals.md
  - docs/models/operations/listungradedrequest.md
  - docs/models/operations/listungradedresponsebody.md
  - docs/models/operations/listungradedresponse.md
  - docs/models/operations/createsessionglobals.md
  - docs/models/operations/createsessionrequest.md
  - docs/models/operations/createsessionresponsebody.md
  - docs/models/operations/createsessionresponse.md
  - docs/models/operations/getglobals.md
  - docs/models/operations/getrequest.md
  - docs/models/operations/getresponse.md
  - docs/models/operations/uploadglobals.md
  - docs/models/operations/requestbodyjsonvalues.md
  - docs/models/operations/two.md
  - docs/models/operations/jsonvalues.md
  - docs/models/operations/one.md
  - docs/models/operations/uploadrequestbody.md
  - docs/models/operations/uploadrequest.md
  - docs/models/operations/uploadresponse.md
  - docs/models/operations/listfeedbacktasksresponse.md
  - docs/models/operations/createfeedbacktaskresponse.md
  - docs/models/operations/getfeedbacktaskrequest.md
  - docs/models/operations/getfeedbacktaskresponse.md
  - docs/models/components/kind.md
  - docs/models/components/status.md
  - docs/models/components/stacktrace.md
  - docs/models/components/completion.md
  - docs/models/components/finishreason.md
  - docs/models/components/logprobs.md
  - docs/models/components/choices.md
  - docs/models/components/objectt.md
  - docs/models/components/createchatcompletionresponse.md
  - docs/models/components/completionusage.md
  - docs/models/components/toplogprobs.md
  - docs/models/components/chatcompletiontokenlogprob.md
  - docs/models/components/chatcompletionresponsemessagerole.md
  - docs/models/components/chatcompletionresponsemessagefunctioncall.md
  - docs/models/components/chatcompletionresponsemessage.md
  - docs/models/components/chatcompletionmessagetoolcalltype.md
  - docs/models/components/functiont.md
  - docs/models/components/chatcompletionmessagetoolcall.md
  - docs/models/components/two.md
  - docs/models/components/model.md
  - docs/models/components/createchatcompletionrequesttype.md
  - docs/models/components/responseformat.md
  - docs/models/components/stop.md
  - docs/models/components/one.md
  - docs/models/components/createchatcompletionrequestfunctioncall.md
  - docs/models/components/createchatcompletionrequest.md
  - docs/models/components/chatcompletionfunctions.md
  - docs/models/components/chatcompletionfunctioncalloption.md
  - docs/models/components/chatcompletiontoolchoiceoption1.md
  - docs/models/components/chatcompletiontoolchoiceoption.md
  - docs/models/components/chatcompletionnamedtoolchoicetype.md
  - docs/models/components/chatcompletionnamedtoolchoicefunction.md
  - docs/models/components/chatcompletionnamedtoolchoice.md
  - docs/models/components/chatcompletiontooltype.md
  - docs/models/components/chatcompletiontool.md
  - docs/models/components/functionobject.md
  - docs/models/components/chatcompletionstreamoptions.md
  - docs/models/components/chatcompletionrequestmessage.md
  - docs/models/components/role.md
  - docs/models/components/chatcompletionrequestsystemmessage.md
  - docs/models/components/content.md
  - docs/models/components/chatcompletionrequestusermessagerole.md
  - docs/models/components/chatcompletionrequestusermessage.md
  - docs/models/components/chatcompletionrequestmessagecontentpart.md
  - docs/models/components/type.md
  - docs/models/components/chatcompletionrequestmessagecontentparttext.md
  - docs/models/components/chatcompletionrequestmessagecontentpartimagetype.md
  - docs/models/components/detail.md
  - docs/models/components/imageurl.md
  - docs/models/components/chatcompletionrequestmessagecontentpartimage.md
  - docs/models/components/chatcompletionrequestassistantmessagerole.md
  - docs/models/components/functioncall.md
  - docs/models/components/chatcompletionrequestassistantmessage.md
  - docs/models/components/chatcompletionrequesttoolmessagerole.md
  - docs/models/components/chatcompletionrequesttoolmessage.md
  - docs/models/components/chatcompletionrequestfunctionmessagerole.md
  - docs/models/components/chatcompletionrequestfunctionmessage.md
  - docs/models/components/httpmetadata.md
  - docs/models/components/session.md
  - docs/models/components/jsonvalues.md
  - docs/models/components/feedback.md
  - docs/models/components/jsonschema.md
  - docs/models/components/completiontagsselector.md
  - docs/models/components/task.md
  - docs/models/components/security.md
  - docs/sdks/log10/README.md
  - docs/sdks/completions/README.md
  - docs/sdks/sessions/README.md
  - docs/sdks/feedback/README.md
  - docs/sdks/feedbacktasks/README.md
  - USAGE.md
  - .gitattributes
  - src/hooks/hooks.ts
  - src/hooks/types.ts
  - src/hooks/index.ts
