speakeasyVersion: 1.423.5
sources:
    default:
        sourceNamespace: default
        sourceRevisionDigest: sha256:030a54076224b4b2f25b81cf6339d6d12119142632fc1e88b62d772b398d26a3
        sourceBlobDigest: sha256:1a3a702e1bf694c61ea10bf87b43794730a3dd3d4bf8d0af4add37467ff0af76
        tags:
            - latest
targets:
    my-first-target:
        source: default
        sourceNamespace: default
        sourceRevisionDigest: sha256:030a54076224b4b2f25b81cf6339d6d12119142632fc1e88b62d772b398d26a3
        sourceBlobDigest: sha256:1a3a702e1bf694c61ea10bf87b43794730a3dd3d4bf8d0af4add37467ff0af76
        codeSamplesNamespace: default-code-samples
        codeSamplesRevisionDigest: sha256:855072cb4d19bd2f63c116fd16913dc2deaf20d4ec6fce778efc9d1c80a484ae
workflow:
    workflowVersion: 1.0.0
    speakeasyVersion: latest
    sources:
        default:
            inputs:
                - location: openapi.yaml
            registry:
                location: registry.speakeasyapi.dev/log10/log10/default
    targets:
        my-first-target:
            target: typescript
            source: default
            publish:
                npm:
                    token: $npm_token
            codeSamples:
                registry:
                    location: registry.speakeasyapi.dev/log10/log10/default-code-samples
                blocking: false
