speakeasyVersion: 1.299.6
sources:
    default:
        sourceNamespace: default
        sourceRevisionDigest: sha256:cb2b7469920a7a85a7f09a75ae06bb2bb070e157564e490a136bd93295c1dd38
        sourceBlobDigest: sha256:7e394792e68c83cc2622d5c46189a4ae36657600e6e0f8a31aa60db3803418d5
        tags:
            - latest
targets:
    my-first-target:
        source: default
        sourceNamespace: default
        sourceRevisionDigest: sha256:cb2b7469920a7a85a7f09a75ae06bb2bb070e157564e490a136bd93295c1dd38
        sourceBlobDigest: sha256:7e394792e68c83cc2622d5c46189a4ae36657600e6e0f8a31aa60db3803418d5
        outLocation: C:\Users\Luke\Documents\GitHub\log10ts
workflow:
    workflowVersion: 1.0.0
    speakeasyVersion: latest
    sources:
        default:
            inputs:
                - location: openapi.yaml
            registry:
                location: registry.speakeasyapi.dev/log10/log10/default
    targets:
        my-first-target:
            target: typescript
            source: default
            publish:
                npm:
                    token: $npm_token
