speakeasyVersion: 1.300.1
sources:
    default:
        sourceNamespace: default
        sourceRevisionDigest: sha256:e1a5519de2a10bcd7c028e94e39569e20b82e376c97a6242f3acd4327d102129
        sourceBlobDigest: sha256:3ec92119b04b5301697a25fc0d890d3aace8103f8d6a26dff33c1d2779237e5b
        tags:
            - latest
            - main
targets:
    my-first-target:
        source: default
        sourceNamespace: default
        sourceRevisionDigest: sha256:e1a5519de2a10bcd7c028e94e39569e20b82e376c97a6242f3acd4327d102129
        sourceBlobDigest: sha256:3ec92119b04b5301697a25fc0d890d3aace8103f8d6a26dff33c1d2779237e5b
        outLocation: /github/workspace/repo
workflow:
    workflowVersion: 1.0.0
    speakeasyVersion: latest
    sources:
        default:
            inputs:
                - location: openapi.yaml
            registry:
                location: registry.speakeasyapi.dev/log10/log10/default
    targets:
        my-first-target:
            target: typescript
            source: default
            publish:
                npm:
                    token: $npm_token
